
Microsoft Visual Studio Solution File, Format Version 12.00
# Visual Studio Version 17
VisualStudioVersion = 17.11.35327.3
MinimumVisualStudioVersion = 10.0.40219.1
Project("{FAE04EC0-301F-11D3-BF4B-00C04F79EFBC}") = "MaquinaChocolate", "MaquinaChocolate\MaquinaChocolate.csproj", "{B3E8223A-A375-4AFB-A84F-D26400D50BAB}"
EndProject
Global
	GlobalSection(SolutionConfigurationPlatforms) = preSolution
		Debug|Any CPU = Debug|Any CPU
		Release|Any CPU = Release|Any CPU
	EndGlobalSection
	GlobalSection(ProjectConfigurationPlatforms) = postSolution
		{B3E8223A-A375-4AFB-A84F-D26400D50BAB}.Debug|Any CPU.ActiveCfg = Debug|Any CPU
		{B3E8223A-A375-4AFB-A84F-D26400D50BAB}.Debug|Any CPU.Build.0 = Debug|Any CPU
		{B3E8223A-A375-4AFB-A84F-D26400D50BAB}.Release|Any CPU.ActiveCfg = Release|Any CPU
		{B3E8223A-A375-4AFB-A84F-D26400D50BAB}.Release|Any CPU.Build.0 = Release|Any CPU
	EndGlobalSection
	GlobalSection(SolutionProperties) = preSolution
		HideSolutionNode = FALSE
	EndGlobalSection
	GlobalSection(ExtensibilityGlobals) = postSolution
		SolutionGuid = {95126303-51F9-43BB-A965-00D41923289D}
	EndGlobalSection
EndGlobal
