
Microsoft Visual Studio Solution File, Format Version 12.00
# Visual Studio Version 17
VisualStudioVersion = 17.13.35806.99 d17.13
MinimumVisualStudioVersion = 10.0.40219.1
Project("{FAE04EC0-301F-11D3-BF4B-00C04F79EFBC}") = "Blueprint", "Blueprint\Blueprint.csproj", "{C71A5525-716D-4B54-9684-002CE6CB6368}"
EndProject
Global
	GlobalSection(SolutionConfigurationPlatforms) = preSolution
		Debug|Any CPU = Debug|Any CPU
		Release|Any CPU = Release|Any CPU
	EndGlobalSection
	GlobalSection(ProjectConfigurationPlatforms) = postSolution
		{C71A5525-716D-4B54-9684-002CE6CB6368}.Debug|Any CPU.ActiveCfg = Debug|Any CPU
		{C71A5525-716D-4B54-9684-002CE6CB6368}.Debug|Any CPU.Build.0 = Debug|Any CPU
		{C71A5525-716D-4B54-9684-002CE6CB6368}.Release|Any CPU.ActiveCfg = Release|Any CPU
		{C71A5525-716D-4B54-9684-002CE6CB6368}.Release|Any CPU.Build.0 = Release|Any CPU
	EndGlobalSection
	GlobalSection(SolutionProperties) = preSolution
		HideSolutionNode = FALSE
	EndGlobalSection
	GlobalSection(ExtensibilityGlobals) = postSolution
		SolutionGuid = {79AFA2EE-B57E-49D0-BD7C-D65D33938D07}
	EndGlobalSection
EndGlobal
