
Microsoft Visual Studio Solution File, Format Version 12.00
# Visual Studio Version 17
VisualStudioVersion = 17.8.34330.188
MinimumVisualStudioVersion = 10.0.40219.1
Project("{FAE04EC0-301F-11D3-BF4B-00C04F79EFBC}") = "NuevoIntentoExamen", "NuevoIntentoExamen\NuevoIntentoExamen.csproj", "{FB04A431-0586-4EB6-AA85-A0E87BE5A47D}"
EndProject
Global
	GlobalSection(SolutionConfigurationPlatforms) = preSolution
		Debug|Any CPU = Debug|Any CPU
		Release|Any CPU = Release|Any CPU
	EndGlobalSection
	GlobalSection(ProjectConfigurationPlatforms) = postSolution
		{FB04A431-0586-4EB6-AA85-A0E87BE5A47D}.Debug|Any CPU.ActiveCfg = Debug|Any CPU
		{FB04A431-0586-4EB6-AA85-A0E87BE5A47D}.Debug|Any CPU.Build.0 = Debug|Any CPU
		{FB04A431-0586-4EB6-AA85-A0E87BE5A47D}.Release|Any CPU.ActiveCfg = Release|Any CPU
		{FB04A431-0586-4EB6-AA85-A0E87BE5A47D}.Release|Any CPU.Build.0 = Release|Any CPU
	EndGlobalSection
	GlobalSection(SolutionProperties) = preSolution
		HideSolutionNode = FALSE
	EndGlobalSection
	GlobalSection(ExtensibilityGlobals) = postSolution
		SolutionGuid = {84E738C0-4E38-4A8D-99D6-11975DFFFAB5}
	EndGlobalSection
EndGlobal
