
Microsoft Visual Studio Solution File, Format Version 12.00
# Visual Studio Version 17
VisualStudioVersion = 17.13.35806.99 d17.13
MinimumVisualStudioVersion = 10.0.40219.1
Project("{FAE04EC0-301F-11D3-BF4B-00C04F79EFBC}") = "ProyectoTonto", "ProyectoTonto\ProyectoTonto.csproj", "{1DC8BD05-7BD5-4D60-85DA-4E03BC1E0000}"
EndProject
Global
	GlobalSection(SolutionConfigurationPlatforms) = preSolution
		Debug|Any CPU = Debug|Any CPU
		Release|Any CPU = Release|Any CPU
	EndGlobalSection
	GlobalSection(ProjectConfigurationPlatforms) = postSolution
		{1DC8BD05-7BD5-4D60-85DA-4E03BC1E0000}.Debug|Any CPU.ActiveCfg = Debug|Any CPU
		{1DC8BD05-7BD5-4D60-85DA-4E03BC1E0000}.Debug|Any CPU.Build.0 = Debug|Any CPU
		{1DC8BD05-7BD5-4D60-85DA-4E03BC1E0000}.Release|Any CPU.ActiveCfg = Release|Any CPU
		{1DC8BD05-7BD5-4D60-85DA-4E03BC1E0000}.Release|Any CPU.Build.0 = Release|Any CPU
	EndGlobalSection
	GlobalSection(SolutionProperties) = preSolution
		HideSolutionNode = FALSE
	EndGlobalSection
	GlobalSection(ExtensibilityGlobals) = postSolution
		SolutionGuid = {4046CF95-048E-4A45-9240-2F1A2B65AAEB}
	EndGlobalSection
EndGlobal
