
Microsoft Visual Studio Solution File, Format Version 12.00
# Visual Studio Version 17
VisualStudioVersion = 17.13.35806.99 d17.13
MinimumVisualStudioVersion = 10.0.40219.1
Project("{FAE04EC0-301F-11D3-BF4B-00C04F79EFBC}") = "BlueprintCorregidoClase", "BlueprintCorregidoClase\BlueprintCorregidoClase.csproj", "{B2DE6A02-5BF3-4B8F-8E02-63DA74B4DA2C}"
EndProject
Global
	GlobalSection(SolutionConfigurationPlatforms) = preSolution
		Debug|Any CPU = Debug|Any CPU
		Release|Any CPU = Release|Any CPU
	EndGlobalSection
	GlobalSection(ProjectConfigurationPlatforms) = postSolution
		{B2DE6A02-5BF3-4B8F-8E02-63DA74B4DA2C}.Debug|Any CPU.ActiveCfg = Debug|Any CPU
		{B2DE6A02-5BF3-4B8F-8E02-63DA74B4DA2C}.Debug|Any CPU.Build.0 = Debug|Any CPU
		{B2DE6A02-5BF3-4B8F-8E02-63DA74B4DA2C}.Release|Any CPU.ActiveCfg = Release|Any CPU
		{B2DE6A02-5BF3-4B8F-8E02-63DA74B4DA2C}.Release|Any CPU.Build.0 = Release|Any CPU
	EndGlobalSection
	GlobalSection(SolutionProperties) = preSolution
		HideSolutionNode = FALSE
	EndGlobalSection
	GlobalSection(ExtensibilityGlobals) = postSolution
		SolutionGuid = {520134DC-439D-4001-AA9D-59F4ABC3B0CC}
	EndGlobalSection
EndGlobal
