
Microsoft Visual Studio Solution File, Format Version 12.00
# Visual Studio Version 17
VisualStudioVersion = 17.8.34330.188
MinimumVisualStudioVersion = 10.0.40219.1
Project("{FAE04EC0-301F-11D3-BF4B-00C04F79EFBC}") = "Herencia", "Herencia\Herencia.csproj", "{C1079CB1-33ED-4EB4-B552-3F86D2DAB001}"
EndProject
Global
	GlobalSection(SolutionConfigurationPlatforms) = preSolution
		Debug|Any CPU = Debug|Any CPU
		Release|Any CPU = Release|Any CPU
	EndGlobalSection
	GlobalSection(ProjectConfigurationPlatforms) = postSolution
		{C1079CB1-33ED-4EB4-B552-3F86D2DAB001}.Debug|Any CPU.ActiveCfg = Debug|Any CPU
		{C1079CB1-33ED-4EB4-B552-3F86D2DAB001}.Debug|Any CPU.Build.0 = Debug|Any CPU
		{C1079CB1-33ED-4EB4-B552-3F86D2DAB001}.Release|Any CPU.ActiveCfg = Release|Any CPU
		{C1079CB1-33ED-4EB4-B552-3F86D2DAB001}.Release|Any CPU.Build.0 = Release|Any CPU
	EndGlobalSection
	GlobalSection(SolutionProperties) = preSolution
		HideSolutionNode = FALSE
	EndGlobalSection
	GlobalSection(ExtensibilityGlobals) = postSolution
		SolutionGuid = {7C24BBF1-F665-4C64-A1D2-6DE3FF440EFB}
	EndGlobalSection
EndGlobal
