
Microsoft Visual Studio Solution File, Format Version 12.00
# Visual Studio Version 17
VisualStudioVersion = 17.8.34330.188
MinimumVisualStudioVersion = 10.0.40219.1
Project("{FAE04EC0-301F-11D3-BF4B-00C04F79EFBC}") = "ConsoleApp1", "ConsoleApp1\ConsoleApp1.csproj", "{CAB47319-08F0-4424-A163-CFCD0CA0727A}"
EndProject
Global
	GlobalSection(SolutionConfigurationPlatforms) = preSolution
		Debug|Any CPU = Debug|Any CPU
		Release|Any CPU = Release|Any CPU
	EndGlobalSection
	GlobalSection(ProjectConfigurationPlatforms) = postSolution
		{CAB47319-08F0-4424-A163-CFCD0CA0727A}.Debug|Any CPU.ActiveCfg = Debug|Any CPU
		{CAB47319-08F0-4424-A163-CFCD0CA0727A}.Debug|Any CPU.Build.0 = Debug|Any CPU
		{CAB47319-08F0-4424-A163-CFCD0CA0727A}.Release|Any CPU.ActiveCfg = Release|Any CPU
		{CAB47319-08F0-4424-A163-CFCD0CA0727A}.Release|Any CPU.Build.0 = Release|Any CPU
	EndGlobalSection
	GlobalSection(SolutionProperties) = preSolution
		HideSolutionNode = FALSE
	EndGlobalSection
	GlobalSection(ExtensibilityGlobals) = postSolution
		SolutionGuid = {E5EB1CC9-7516-4963-AA6B-50A24CDD90BC}
	EndGlobalSection
EndGlobal
