
Microsoft Visual Studio Solution File, Format Version 12.00
# Visual Studio Version 17
VisualStudioVersion = 17.13.35818.85 d17.13
MinimumVisualStudioVersion = 10.0.40219.1
Project("{FAE04EC0-301F-11D3-BF4B-00C04F79EFBC}") = "ExamenDomino", "ExamenDomino\ExamenDomino.csproj", "{2F3A0CA2-1026-4C6D-9FFA-CA0A20A50970}"
EndProject
Global
	GlobalSection(SolutionConfigurationPlatforms) = preSolution
		Debug|Any CPU = Debug|Any CPU
		Release|Any CPU = Release|Any CPU
	EndGlobalSection
	GlobalSection(ProjectConfigurationPlatforms) = postSolution
		{2F3A0CA2-1026-4C6D-9FFA-CA0A20A50970}.Debug|Any CPU.ActiveCfg = Debug|Any CPU
		{2F3A0CA2-1026-4C6D-9FFA-CA0A20A50970}.Debug|Any CPU.Build.0 = Debug|Any CPU
		{2F3A0CA2-1026-4C6D-9FFA-CA0A20A50970}.Release|Any CPU.ActiveCfg = Release|Any CPU
		{2F3A0CA2-1026-4C6D-9FFA-CA0A20A50970}.Release|Any CPU.Build.0 = Release|Any CPU
	EndGlobalSection
	GlobalSection(SolutionProperties) = preSolution
		HideSolutionNode = FALSE
	EndGlobalSection
	GlobalSection(ExtensibilityGlobals) = postSolution
		SolutionGuid = {E3AD58E2-5D3A-47A6-AF3C-DBD84CF01DD8}
	EndGlobalSection
EndGlobal
