
Microsoft Visual Studio Solution File, Format Version 12.00
# Visual Studio Version 17
VisualStudioVersion = 17.8.34330.188
MinimumVisualStudioVersion = 10.0.40219.1
Project("{FAE04EC0-301F-11D3-BF4B-00C04F79EFBC}") = "Test_poo", "Test_poo\Test_poo.csproj", "{53B83E74-42D4-470F-967C-B456F0D5675D}"
EndProject
Global
	GlobalSection(SolutionConfigurationPlatforms) = preSolution
		Debug|Any CPU = Debug|Any CPU
		Release|Any CPU = Release|Any CPU
	EndGlobalSection
	GlobalSection(ProjectConfigurationPlatforms) = postSolution
		{53B83E74-42D4-470F-967C-B456F0D5675D}.Debug|Any CPU.ActiveCfg = Debug|Any CPU
		{53B83E74-42D4-470F-967C-B456F0D5675D}.Debug|Any CPU.Build.0 = Debug|Any CPU
		{53B83E74-42D4-470F-967C-B456F0D5675D}.Release|Any CPU.ActiveCfg = Release|Any CPU
		{53B83E74-42D4-470F-967C-B456F0D5675D}.Release|Any CPU.Build.0 = Release|Any CPU
	EndGlobalSection
	GlobalSection(SolutionProperties) = preSolution
		HideSolutionNode = FALSE
	EndGlobalSection
	GlobalSection(ExtensibilityGlobals) = postSolution
		SolutionGuid = {0A37EF8F-6F06-435E-8243-7828E8A0D91A}
	EndGlobalSection
EndGlobal
