
Microsoft Visual Studio Solution File, Format Version 12.00
# Visual Studio Version 17
VisualStudioVersion = 17.13.35818.85 d17.13
MinimumVisualStudioVersion = 10.0.40219.1
Project("{FAE04EC0-301F-11D3-BF4B-00C04F79EFBC}") = "ExamenBienHechoBlueprint", "ExamenBienHechoBlueprint\ExamenBienHechoBlueprint.csproj", "{AC391C30-7C65-4E73-AE97-3C2CE285A93F}"
EndProject
Global
	GlobalSection(SolutionConfigurationPlatforms) = preSolution
		Debug|Any CPU = Debug|Any CPU
		Release|Any CPU = Release|Any CPU
	EndGlobalSection
	GlobalSection(ProjectConfigurationPlatforms) = postSolution
		{AC391C30-7C65-4E73-AE97-3C2CE285A93F}.Debug|Any CPU.ActiveCfg = Debug|Any CPU
		{AC391C30-7C65-4E73-AE97-3C2CE285A93F}.Debug|Any CPU.Build.0 = Debug|Any CPU
		{AC391C30-7C65-4E73-AE97-3C2CE285A93F}.Release|Any CPU.ActiveCfg = Release|Any CPU
		{AC391C30-7C65-4E73-AE97-3C2CE285A93F}.Release|Any CPU.Build.0 = Release|Any CPU
	EndGlobalSection
	GlobalSection(SolutionProperties) = preSolution
		HideSolutionNode = FALSE
	EndGlobalSection
	GlobalSection(ExtensibilityGlobals) = postSolution
		SolutionGuid = {7BA4711A-A931-4DF5-8E80-B210E61A60B2}
	EndGlobalSection
EndGlobal
