
Microsoft Visual Studio Solution File, Format Version 12.00
# Visual Studio Version 17
VisualStudioVersion = 17.8.34330.188
MinimumVisualStudioVersion = 10.0.40219.1
Project("{FAE04EC0-301F-11D3-BF4B-00C04F79EFBC}") = "ProyectoExamen", "ProyectoExamen\ProyectoExamen.csproj", "{AFDB20A4-00EE-4BBC-B2AE-578495C7976E}"
EndProject
Global
	GlobalSection(SolutionConfigurationPlatforms) = preSolution
		Debug|Any CPU = Debug|Any CPU
		Release|Any CPU = Release|Any CPU
	EndGlobalSection
	GlobalSection(ProjectConfigurationPlatforms) = postSolution
		{AFDB20A4-00EE-4BBC-B2AE-578495C7976E}.Debug|Any CPU.ActiveCfg = Debug|Any CPU
		{AFDB20A4-00EE-4BBC-B2AE-578495C7976E}.Debug|Any CPU.Build.0 = Debug|Any CPU
		{AFDB20A4-00EE-4BBC-B2AE-578495C7976E}.Release|Any CPU.ActiveCfg = Release|Any CPU
		{AFDB20A4-00EE-4BBC-B2AE-578495C7976E}.Release|Any CPU.Build.0 = Release|Any CPU
	EndGlobalSection
	GlobalSection(SolutionProperties) = preSolution
		HideSolutionNode = FALSE
	EndGlobalSection
	GlobalSection(ExtensibilityGlobals) = postSolution
		SolutionGuid = {70DAF4CD-B7E9-4A2E-8A5B-2918F2CE8A5E}
	EndGlobalSection
EndGlobal
